// !$*UTF8*$!
{
	archiveVersion = 1;
	classes = {
	};
	objectVersion = 48;
	objects = {

/* Begin PBXBuildFile section */
		847FFE971EEF786A00B5A44A /* AppDelegate.m in Sources */ = {isa = PBXBuildFile; fileRef = 847FFE961EEF786A00B5A44A /* AppDelegate.m */; };
		847FFE9A1EEF786A00B5A44A /* ViewController.m in Sources */ = {isa = PBXBuildFile; fileRef = 847FFE991EEF786A00B5A44A /* ViewController.m */; };
		847FFE9D1EEF786A00B5A44A /* Main.storyboard in Resources */ = {isa = PBXBuildFile; fileRef = 847FFE9B1EEF786A00B5A44A /* Main.storyboard */; };
		847FFE9F1EEF786A00B5A44A /* Assets.xcassets in Resources */ = {isa = PBXBuildFile; fileRef = 847FFE9E1EEF786A00B5A44A /* Assets.xcassets */; };
		847FFEA21EEF786A00B5A44A /* LaunchScreen.storyboard in Resources */ = {isa = PBXBuildFile; fileRef = 847FFEA01EEF786A00B5A44A /* LaunchScreen.storyboard */; };
		847FFEA51EEF786A00B5A44A /* main.m in Sources */ = {isa = PBXBuildFile; fileRef = 847FFEA41EEF786A00B5A44A /* main.m */; };
		847FFEAF1EEF786A00B5A44A /* test2Tests.m in Sources */ = {isa = PBXBuildFile; fileRef = 847FFEAE1EEF786A00B5A44A /* test2Tests.m */; };
		847FFEBA1EEF786A00B5A44A /* test2UITests.m in Sources */ = {isa = PBXBuildFile; fileRef = 847FFEB91EEF786A00B5A44A /* test2UITests.m */; };
/* End PBXBuildFile section */

/* Begin PBXContainerItemProxy section */
		847FFEAB1EEF786A00B5A44A /* PBXContainerItemProxy */ = {
			isa = PBXContainerItemProxy;
			containerPortal = 847FFE8A1EEF786A00B5A44A /* Project object */;
			proxyType = 1;
			remoteGlobalIDString = 847FFE911EEF786A00B5A44A;
			remoteInfo = test2;
		};
		847FFEB61EEF786A00B5A44A /* PBXContainerItemProxy */ = {
			isa = PBXContainerItemProxy;
			containerPortal = 847FFE8A1EEF786A00B5A44A /* Project object */;
			proxyType = 1;
			remoteGlobalIDString = 847FFE911EEF786A00B5A44A;
			remoteInfo = test2;
		};
/* End PBXContainerItemProxy section */

/* Begin PBXFileReference section */
		847FFE921EEF786A00B5A44A /* test2.app */ = {isa = PBXFileReference; explicitFileType = wrapper.application; includeInIndex = 0; path = test2.app; sourceTree = BUILT_PRODUCTS_DIR; };
		847FFE951EEF786A00B5A44A /* AppDelegate.h */ = {isa = PBXFileReference; lastKnownFileType = sourcecode.c.h; path = AppDelegate.h; sourceTree = "<group>"; };
		847FFE961EEF786A00B5A44A /* AppDelegate.m */ = {isa = PBXFileReference; lastKnownFileType = sourcecode.c.objc; path = AppDelegate.m; sourceTree = "<group>"; };
		847FFE981EEF786A00B5A44A /* ViewController.h */ = {isa = PBXFileReference; lastKnownFileType = sourcecode.c.h; path = ViewController.h; sourceTree = "<group>"; };
		847FFE991EEF786A00B5A44A /* ViewController.m */ = {isa = PBXFileReference; lastKnownFileType = sourcecode.c.objc; path = ViewController.m; sourceTree = "<group>"; };
		847FFE9C1EEF786A00B5A44A /* Base */ = {isa = PBXFileReference; lastKnownFileType = file.storyboard; name = Base; path = Base.lproj/Main.storyboard; sourceTree = "<group>"; };
		847FFE9E1EEF786A00B5A44A /* Assets.xcassets */ = {isa = PBXFileReference; lastKnownFileType = folder.assetcatalog; path = Assets.xcassets; sourceTree = "<group>"; };
		847FFEA11EEF786A00B5A44A /* Base */ = {isa = PBXFileReference; lastKnownFileType = file.storyboard; name = Base; path = Base.lproj/LaunchScreen.storyboard; sourceTree = "<group>"; };
		847FFEA31EEF786A00B5A44A /* Info.plist */ = {isa = PBXFileReference; lastKnownFileType = text.plist.xml; path = Info.plist; sourceTree = "<group>"; };
		847FFEA41EEF786A00B5A44A /* main.m */ = {isa = PBXFileReference; lastKnownFileType = sourcecode.c.objc; path = main.m; sourceTree = "<group>"; };
		847FFEAA1EEF786A00B5A44A /* test2Tests.xctest */ = {isa = PBXFileReference; explicitFileType = wrapper.cfbundle; includeInIndex = 0; path = test2Tests.xctest; sourceTree = BUILT_PRODUCTS_DIR; };
		847FFEAE1EEF786A00B5A44A /* test2Tests.m */ = {isa = PBXFileReference; lastKnownFileType = sourcecode.c.objc; path = test2Tests.m; sourceTree = "<group>"; };
		847FFEB01EEF786A00B5A44A /* Info.plist */ = {isa = PBXFileReference; lastKnownFileType = text.plist.xml; path = Info.plist; sourceTree = "<group>"; };
		847FFEB51EEF786A00B5A44A /* test2UITests.xctest */ = {isa = PBXFileReference; explicitFileType = wrapper.cfbundle; includeInIndex = 0; path = test2UITests.xctest; sourceTree = BUILT_PRODUCTS_DIR; };
		847FFEB91EEF786A00B5A44A /* test2UITests.m */ = {isa = PBXFileReference; lastKnownFileType = sourcecode.c.objc; path = test2UITests.m; sourceTree = "<group>"; };
		847FFEBB1EEF786A00B5A44A /* Info.plist */ = {isa = PBXFileReference; lastKnownFileType = text.plist.xml; path = Info.plist; sourceTree = "<group>"; };
/* End PBXFileReference section */

/* Begin PBXFrameworksBuildPhase section */
		847FFE8F1EEF786A00B5A44A /* Frameworks */ = {
			isa = PBXFrameworksBuildPhase;
			buildActionMask = 2147483647;
			files = (
			);
			runOnlyForDeploymentPostprocessing = 0;
		};
		847FFEA71EEF786A00B5A44A /* Frameworks */ = {
			isa = PBXFrameworksBuildPhase;
			buildActionMask = 2147483647;
			files = (
			);
			runOnlyForDeploymentPostprocessing = 0;
		};
		847FFEB21EEF786A00B5A44A /* Frameworks */ = {
			isa = PBXFrameworksBuildPhase;
			buildActionMask = 2147483647;
			files = (
			);
			runOnlyForDeploymentPostprocessing = 0;
		};
/* End PBXFrameworksBuildPhase section */

/* Begin PBXGroup section */
		847FFE891EEF786A00B5A44A = {
			isa = PBXGroup;
			children = (
				847FFE941EEF786A00B5A44A /* test2 */,
				847FFEAD1EEF786A00B5A44A /* test2Tests */,
				847FFEB81EEF786A00B5A44A /* test2UITests */,
				847FFE931EEF786A00B5A44A /* Products */,
			);
			sourceTree = "<group>";
		};
		847FFE931EEF786A00B5A44A /* Products */ = {
			isa = PBXGroup;
			children = (
				847FFE921EEF786A00B5A44A /* test2.app */,
				847FFEAA1EEF786A00B5A44A /* test2Tests.xctest */,
				847FFEB51EEF786A00B5A44A /* test2UITests.xctest */,
			);
			name = Products;
			sourceTree = "<group>";
		};
		847FFE941EEF786A00B5A44A /* test2 */ = {
			isa = PBXGroup;
			children = (
				847FFE951EEF786A00B5A44A /* AppDelegate.h */,
				847FFE961EEF786A00B5A44A /* AppDelegate.m */,
				847FFE981EEF786A00B5A44A /* ViewController.h */,
				847FFE991EEF786A00B5A44A /* ViewController.m */,
				847FFE9B1EEF786A00B5A44A /* Main.storyboard */,
				847FFE9E1EEF786A00B5A44A /* Assets.xcassets */,
				847FFEA01EEF786A00B5A44A /* LaunchScreen.storyboard */,
				847FFEA31EEF786A00B5A44A /* Info.plist */,
				847FFEA41EEF786A00B5A44A /* main.m */,
			);
			path = test2;
			sourceTree = "<group>";
		};
		847FFEAD1EEF786A00B5A44A /* test2Tests */ = {
			isa = PBXGroup;
			children = (
				847FFEAE1EEF786A00B5A44A /* test2Tests.m */,
				847FFEB01EEF786A00B5A44A /* Info.plist */,
			);
			path = test2Tests;
			sourceTree = "<group>";
		};
		847FFEB81EEF786A00B5A44A /* test2UITests */ = {
			isa = PBXGroup;
			children = (
				847FFEB91EEF786A00B5A44A /* test2UITests.m */,
				847FFEBB1EEF786A00B5A44A /* Info.plist */,
			);
			path = test2UITests;
			sourceTree = "<group>";
		};
/* End PBXGroup section */

/* Begin PBXNativeTarget section */
		847FFE911EEF786A00B5A44A /* test2 */ = {
			isa = PBXNativeTarget;
			buildConfigurationList = 847FFEBE1EEF786A00B5A44A /* Build configuration list for PBXNativeTarget "test2" */;
			buildPhases = (
				847FFE8E1EEF786A00B5A44A /* Sources */,
				847FFE8F1EEF786A00B5A44A /* Frameworks */,
				847FFE901EEF786A00B5A44A /* Resources */,
			);
			buildRules = (
			);
			dependencies = (
			);
			name = test2;
			productName = test2;
			productReference = 847FFE921EEF786A00B5A44A /* test2.app */;
			productType = "com.apple.product-type.application";
		};
		847FFEA91EEF786A00B5A44A /* test2Tests */ = {
			isa = PBXNativeTarget;
			buildConfigurationList = 847FFEC11EEF786A00B5A44A /* Build configuration list for PBXNativeTarget "test2Tests" */;
			buildPhases = (
				847FFEA61EEF786A00B5A44A /* Sources */,
				847FFEA71EEF786A00B5A44A /* Frameworks */,
				847FFEA81EEF786A00B5A44A /* Resources */,
			);
			buildRules = (
			);
			dependencies = (
				847FFEAC1EEF786A00B5A44A /* PBXTargetDependency */,
			);
			name = test2Tests;
			productName = test2Tests;
			productReference = 847FFEAA1EEF786A00B5A44A /* test2Tests.xctest */;
			productType = "com.apple.product-type.bundle.unit-test";
		};
		847FFEB41EEF786A00B5A44A /* test2UITests */ = {
			isa = PBXNativeTarget;
			buildConfigurationList = 847FFEC41EEF786A00B5A44A /* Build configuration list for PBXNativeTarget "test2UITests" */;
			buildPhases = (
				847FFEB11EEF786A00B5A44A /* Sources */,
				847FFEB21EEF786A00B5A44A /* Frameworks */,
				847FFEB31EEF786A00B5A44A /* Resources */,
			);
			buildRules = (
			);
			dependencies = (
				847FFEB71EEF786A00B5A44A /* PBXTargetDependency */,
			);
			name = test2UITests;
			productName = test2UITests;
			productReference = 847FFEB51EEF786A00B5A44A /* test2UITests.xctest */;
			productType = "com.apple.product-type.bundle.ui-testing";
		};
/* End PBXNativeTarget section */

/* Begin PBXProject section */
		847FFE8A1EEF786A00B5A44A /* Project object */ = {
			isa = PBXProject;
			attributes = {
				LastUpgradeCheck = 0900;
				ORGANIZATIONNAME = Admin;
				TargetAttributes = {
					847FFE911EEF786A00B5A44A = {
						CreatedOnToolsVersion = 9.0;
					};
					847FFEA91EEF786A00B5A44A = {
						CreatedOnToolsVersion = 9.0;
						TestTargetID = 847FFE911EEF786A00B5A44A;
					};
					847FFEB41EEF786A00B5A44A = {
						CreatedOnToolsVersion = 9.0;
						TestTargetID = 847FFE911EEF786A00B5A44A;
					};
				};
			};
			buildConfigurationList = 847FFE8D1EEF786A00B5A44A /* Build configuration list for PBXProject "test2" */;
			compatibilityVersion = "Xcode 8.0";
			developmentRegion = en;
			hasScannedForEncodings = 0;
			knownRegions = (
				en,
				Base,
			);
			mainGroup = 847FFE891EEF786A00B5A44A;
			productRefGroup = 847FFE931EEF786A00B5A44A /* Products */;
			projectDirPath = "";
			projectRoot = "";
			targets = (
				847FFE911EEF786A00B5A44A /* test2 */,
				847FFEA91EEF786A00B5A44A /* test2Tests */,
				847FFEB41EEF786A00B5A44A /* test2UITests */,
			);
		};
/* End PBXProject section */

/* Begin PBXResourcesBuildPhase section */
		847FFE901EEF786A00B5A44A /* Resources */ = {
			isa = PBXResourcesBuildPhase;
			buildActionMask = 2147483647;
			files = (
				847FFEA21EEF786A00B5A44A /* LaunchScreen.storyboard in Resources */,
				847FFE9F1EEF786A00B5A44A /* Assets.xcassets in Resources */,
				847FFE9D1EEF786A00B5A44A /* Main.storyboard in Resources */,
			);
			runOnlyForDeploymentPostprocessing = 0;
		};
		847FFEA81EEF786A00B5A44A /* Resources */ = {
			isa = PBXResourcesBuildPhase;
			buildActionMask = 2147483647;
			files = (
			);
			runOnlyForDeploymentPostprocessing = 0;
		};
		847FFEB31EEF786A00B5A44A /* Resources */ = {
			isa = PBXResourcesBuildPhase;
			buildActionMask = 2147483647;
			files = (
			);
			runOnlyForDeploymentPostprocessing = 0;
		};
/* End PBXResourcesBuildPhase section */

/* Begin PBXSourcesBuildPhase section */
		847FFE8E1EEF786A00B5A44A /* Sources */ = {
			isa = PBXSourcesBuildPhase;
			buildActionMask = 2147483647;
			files = (
				847FFE9A1EEF786A00B5A44A /* ViewController.m in Sources */,
				847FFEA51EEF786A00B5A44A /* main.m in Sources */,
				847FFE971EEF786A00B5A44A /* AppDelegate.m in Sources */,
			);
			runOnlyForDeploymentPostprocessing = 0;
		};
		847FFEA61EEF786A00B5A44A /* Sources */ = {
			isa = PBXSourcesBuildPhase;
			buildActionMask = 2147483647;
			files = (
				847FFEAF1EEF786A00B5A44A /* test2Tests.m in Sources */,
			);
			runOnlyForDeploymentPostprocessing = 0;
		};
		847FFEB11EEF786A00B5A44A /* Sources */ = {
			isa = PBXSourcesBuildPhase;
			buildActionMask = 2147483647;
			files = (
				847FFEBA1EEF786A00B5A44A /* test2UITests.m in Sources */,
			);
			runOnlyForDeploymentPostprocessing = 0;
		};
/* End PBXSourcesBuildPhase section */

/* Begin PBXTargetDependency section */
		847FFEAC1EEF786A00B5A44A /* PBXTargetDependency */ = {
			isa = PBXTargetDependency;
			target = 847FFE911EEF786A00B5A44A /* test2 */;
			targetProxy = 847FFEAB1EEF786A00B5A44A /* PBXContainerItemProxy */;
		};
		847FFEB71EEF786A00B5A44A /* PBXTargetDependency */ = {
			isa = PBXTargetDependency;
			target = 847FFE911EEF786A00B5A44A /* test2 */;
			targetProxy = 847FFEB61EEF786A00B5A44A /* PBXContainerItemProxy */;
		};
/* End PBXTargetDependency section */

/* Begin PBXVariantGroup section */
		847FFE9B1EEF786A00B5A44A /* Main.storyboard */ = {
			isa = PBXVariantGroup;
			children = (
				847FFE9C1EEF786A00B5A44A /* Base */,
			);
			name = Main.storyboard;
			sourceTree = "<group>";
		};
		847FFEA01EEF786A00B5A44A /* LaunchScreen.storyboard */ = {
			isa = PBXVariantGroup;
			children = (
				847FFEA11EEF786A00B5A44A /* Base */,
			);
			name = LaunchScreen.storyboard;
			sourceTree = "<group>";
		};
/* End PBXVariantGroup section */

/* Begin XCBuildConfiguration section */
		847FFEBC1EEF786A00B5A44A /* Debug */ = {
			isa = XCBuildConfiguration;
			buildSettings = {
				ALWAYS_SEARCH_USER_PATHS = NO;
				CLANG_ANALYZER_NONNULL = YES;
				CLANG_ANALYZER_NUMBER_OBJECT_CONVERSION = YES_AGGRESSIVE;
				CLANG_CXX_LANGUAGE_STANDARD = "gnu++14";
				CLANG_CXX_LIBRARY = "libc++";
				CLANG_ENABLE_MODULES = YES;
				CLANG_ENABLE_OBJC_ARC = YES;
				CLANG_WARN_BLOCK_CAPTURE_AUTORELEASING = YES;
				CLANG_WARN_BOOL_CONVERSION = YES;
				CLANG_WARN_COMMA = YES;
				CLANG_WARN_CONSTANT_CONVERSION = YES;
				CLANG_WARN_DIRECT_OBJC_ISA_USAGE = YES_ERROR;
				CLANG_WARN_DOCUMENTATION_COMMENTS = YES;
				CLANG_WARN_EMPTY_BODY = YES;
				CLANG_WARN_ENUM_CONVERSION = YES;
				CLANG_WARN_INFINITE_RECURSION = YES;
				CLANG_WARN_INT_CONVERSION = YES;
				CLANG_WARN_OBJC_ROOT_CLASS = YES_ERROR;
				CLANG_WARN_RANGE_LOOP_ANALYSIS = YES;
				CLANG_WARN_STRICT_PROTOTYPES = YES;
				CLANG_WARN_SUSPICIOUS_MOVE = YES;
				CLANG_WARN_UNGUARDED_AVAILABILITY = YES_AGGRESSIVE;
				CLANG_WARN_UNREACHABLE_CODE = YES;
				CLANG_WARN__DUPLICATE_METHOD_MATCH = YES;
				CODE_SIGN_IDENTITY = "iPhone Developer";
				COPY_PHASE_STRIP = NO;
				DEBUG_INFORMATION_FORMAT = dwarf;
				ENABLE_STRICT_OBJC_MSGSEND = YES;
				ENABLE_TESTABILITY = YES;
				GCC_C_LANGUAGE_STANDARD = gnu11;
				GCC_DYNAMIC_NO_PIC = NO;
				GCC_NO_COMMON_BLOCKS = YES;
				GCC_OPTIMIZATION_LEVEL = 0;
				GCC_PREPROCESSOR_DEFINITIONS = (
					"DEBUG=1",
					"$(inherited)",
				);
				GCC_WARN_64_TO_32_BIT_CONVERSION = YES;
				GCC_WARN_ABOUT_RETURN_TYPE = YES_ERROR;
				GCC_WARN_UNDECLARED_SELECTOR = YES;
				GCC_WARN_UNINITIALIZED_AUTOS = YES_AGGRESSIVE;
				GCC_WARN_UNUSED_FUNCTION = YES;
				GCC_WARN_UNUSED_VARIABLE = YES;
				IPHONEOS_DEPLOYMENT_TARGET = 11.0;
				MTL_ENABLE_DEBUG_INFO = YES;
				ONLY_ACTIVE_ARCH = YES;
				SDKROOT = iphoneos;
			};
			name = Debug;
		};
		847FFEBD1EEF786A00B5A44A /* Release */ = {
			isa = XCBuildConfiguration;
			buildSettings = {
				ALWAYS_SEARCH_USER_PATHS = NO;
				CLANG_ANALYZER_NONNULL = YES;
				CLANG_ANALYZER_NUMBER_OBJECT_CONVERSION = YES_AGGRESSIVE;
				CLANG_CXX_LANGUAGE_STANDARD = "gnu++14";
				CLANG_CXX_LIBRARY = "libc++";
				CLANG_ENABLE_MODULES = YES;
				CLANG_ENABLE_OBJC_ARC = YES;
				CLANG_WARN_BLOCK_CAPTURE_AUTORELEASING = YES;
				CLANG_WARN_BOOL_CONVERSION = YES;
				CLANG_WARN_COMMA = YES;
				CLANG_WARN_CONSTANT_CONVERSION = YES;
				CLANG_WARN_DIRECT_OBJC_ISA_USAGE = YES_ERROR;
				CLANG_WARN_DOCUMENTATION_COMMENTS = YES;
				CLANG_WARN_EMPTY_BODY = YES;
				CLANG_WARN_ENUM_CONVERSION = YES;
				CLANG_WARN_INFINITE_RECURSION = YES;
				CLANG_WARN_INT_CONVERSION = YES;
				CLANG_WARN_OBJC_ROOT_CLASS = YES_ERROR;
				CLANG_WARN_RANGE_LOOP_ANALYSIS = YES;
				CLANG_WARN_STRICT_PROTOTYPES = YES;
				CLANG_WARN_SUSPICIOUS_MOVE = YES;
				CLANG_WARN_UNGUARDED_AVAILABILITY = YES_AGGRESSIVE;
				CLANG_WARN_UNREACHABLE_CODE = YES;
				CLANG_WARN__DUPLICATE_METHOD_MATCH = YES;
				CODE_SIGN_IDENTITY = "iPhone Developer";
				COPY_PHASE_STRIP = NO;
				DEBUG_INFORMATION_FORMAT = "dwarf-with-dsym";
				ENABLE_NS_ASSERTIONS = NO;
				ENABLE_STRICT_OBJC_MSGSEND = YES;
				GCC_C_LANGUAGE_STANDARD = gnu11;
				GCC_NO_COMMON_BLOCKS = YES;
				GCC_WARN_64_TO_32_BIT_CONVERSION = YES;
				GCC_WARN_ABOUT_RETURN_TYPE = YES_ERROR;
				GCC_WARN_UNDECLARED_SELECTOR = YES;
				GCC_WARN_UNINITIALIZED_AUTOS = YES_AGGRESSIVE;
				GCC_WARN_UNUSED_FUNCTION = YES;
				GCC_WARN_UNUSED_VARIABLE = YES;
				IPHONEOS_DEPLOYMENT_TARGET = 11.0;
				MTL_ENABLE_DEBUG_INFO = NO;
				SDKROOT = iphoneos;
				VALIDATE_PRODUCT = YES;
			};
			name = Release;
		};
		847FFEBF1EEF786A00B5A44A /* Debug */ = {
			isa = XCBuildConfiguration;
			buildSettings = {
				ASSETCATALOG_COMPILER_APPICON_NAME = AppIcon;
				DEVELOPMENT_TEAM = YPFNKHMM5X;
				INFOPLIST_FILE = test2/Info.plist;
				IPHONEOS_DEPLOYMENT_TARGET = 8.0;
				LD_RUNPATH_SEARCH_PATHS = "$(inherited) @executable_path/Frameworks";
				PRODUCT_BUNDLE_IDENTIFIER = HWW.test2;
				PRODUCT_NAME = "$(TARGET_NAME)";
				TARGETED_DEVICE_FAMILY = "1,2";
			};
			name = Debug;
		};
		847FFEC01EEF786A00B5A44A /* Release */ = {
			isa = XCBuildConfiguration;
			buildSettings = {
				ASSETCATALOG_COMPILER_APPICON_NAME = AppIcon;
				DEVELOPMENT_TEAM = YPFNKHMM5X;
				INFOPLIST_FILE = test2/Info.plist;
				IPHONEOS_DEPLOYMENT_TARGET = 8.0;
				LD_RUNPATH_SEARCH_PATHS = "$(inherited) @executable_path/Frameworks";
				PRODUCT_BUNDLE_IDENTIFIER = HWW.test2;
				PRODUCT_NAME = "$(TARGET_NAME)";
				TARGETED_DEVICE_FAMILY = "1,2";
			};
			name = Release;
		};
		847FFEC21EEF786A00B5A44A /* Debug */ = {
			isa = XCBuildConfiguration;
			buildSettings = {
				BUNDLE_LOADER = "$(TEST_HOST)";
				INFOPLIST_FILE = test2Tests/Info.plist;
				LD_RUNPATH_SEARCH_PATHS = "$(inherited) @executable_path/Frameworks @loader_path/Frameworks";
				PRODUCT_BUNDLE_IDENTIFIER = HWW.test2Tests;
				PRODUCT_NAME = "$(TARGET_NAME)";
				TARGETED_DEVICE_FAMILY = "1,2";
				TEST_HOST = "$(BUILT_PRODUCTS_DIR)/test2.app/test2";
			};
			name = Debug;
		};
		847FFEC31EEF786A00B5A44A /* Release */ = {
			isa = XCBuildConfiguration;
			buildSettings = {
				BUNDLE_LOADER = "$(TEST_HOST)";
				INFOPLIST_FILE = test2Tests/Info.plist;
				LD_RUNPATH_SEARCH_PATHS = "$(inherited) @executable_path/Frameworks @loader_path/Frameworks";
				PRODUCT_BUNDLE_IDENTIFIER = HWW.test2Tests;
				PRODUCT_NAME = "$(TARGET_NAME)";
				TARGETED_DEVICE_FAMILY = "1,2";
				TEST_HOST = "$(BUILT_PRODUCTS_DIR)/test2.app/test2";
			};
			name = Release;
		};
		847FFEC51EEF786A00B5A44A /* Debug */ = {
			isa = XCBuildConfiguration;
			buildSettings = {
				INFOPLIST_FILE = test2UITests/Info.plist;
				LD_RUNPATH_SEARCH_PATHS = "$(inherited) @executable_path/Frameworks @loader_path/Frameworks";
				PRODUCT_BUNDLE_IDENTIFIER = HWW.test2UITests;
				PRODUCT_NAME = "$(TARGET_NAME)";
				TARGETED_DEVICE_FAMILY = "1,2";
				TEST_TARGET_NAME = test2;
			};
			name = Debug;
		};
		847FFEC61EEF786A00B5A44A /* Release */ = {
			isa = XCBuildConfiguration;
			buildSettings = {
				INFOPLIST_FILE = test2UITests/Info.plist;
				LD_RUNPATH_SEARCH_PATHS = "$(inherited) @executable_path/Frameworks @loader_path/Frameworks";
				PRODUCT_BUNDLE_IDENTIFIER = HWW.test2UITests;
				PRODUCT_NAME = "$(TARGET_NAME)";
				TARGETED_DEVICE_FAMILY = "1,2";
				TEST_TARGET_NAME = test2;
			};
			name = Release;
		};
/* End XCBuildConfiguration section */

/* Begin XCConfigurationList section */
		847FFE8D1EEF786A00B5A44A /* Build configuration list for PBXProject "test2" */ = {
			isa = XCConfigurationList;
			buildConfigurations = (
				847FFEBC1EEF786A00B5A44A /* Debug */,
				847FFEBD1EEF786A00B5A44A /* Release */,
			);
			defaultConfigurationIsVisible = 0;
			defaultConfigurationName = Release;
		};
		847FFEBE1EEF786A00B5A44A /* Build configuration list for PBXNativeTarget "test2" */ = {
			isa = XCConfigurationList;
			buildConfigurations = (
				847FFEBF1EEF786A00B5A44A /* Debug */,
				847FFEC01EEF786A00B5A44A /* Release */,
			);
			defaultConfigurationIsVisible = 0;
		};
		847FFEC11EEF786A00B5A44A /* Build configuration list for PBXNativeTarget "test2Tests" */ = {
			isa = XCConfigurationList;
			buildConfigurations = (
				847FFEC21EEF786A00B5A44A /* Debug */,
				847FFEC31EEF786A00B5A44A /* Release */,
			);
			defaultConfigurationIsVisible = 0;
		};
		847FFEC41EEF786A00B5A44A /* Build configuration list for PBXNativeTarget "test2UITests" */ = {
			isa = XCConfigurationList;
			buildConfigurations = (
				847FFEC51EEF786A00B5A44A /* Debug */,
				847FFEC61EEF786A00B5A44A /* Release */,
			);
			defaultConfigurationIsVisible = 0;
		};
/* End XCConfigurationList section */
	};
	rootObject = 847FFE8A1EEF786A00B5A44A /* Project object */;
}
